// !$*UTF8*$!
{
	archiveVersion = 1;
	classes = {
	};
	objectVersion = 46;
	objects = {

/* Begin PBXBuildFile section */
		662756392005B45D00B3E64A /* AppDelegate.swift in Sources */ = {isa = PBXBuildFile; fileRef = 662756382005B45D00B3E64A /* AppDelegate.swift */; };
		6627563B2005B45D00B3E64A /* ViewController.swift in Sources */ = {isa = PBXBuildFile; fileRef = 6627563A2005B45D00B3E64A /* ViewController.swift */; };
		6627563E2005B45D00B3E64A /* Main.storyboard in Resources */ = {isa = PBXBuildFile; fileRef = 6627563C2005B45D00B3E64A /* Main.storyboard */; };
		662756402005B45D00B3E64A /* Assets.xcassets in Resources */ = {isa = PBXBuildFile; fileRef = 6627563F2005B45D00B3E64A /* Assets.xcassets */; };
		662756432005B45D00B3E64A /* LaunchScreen.storyboard in Resources */ = {isa = PBXBuildFile; fileRef = 662756412005B45D00B3E64A /* LaunchScreen.storyboard */; };
		66F051C92022C01800DC71EF /* Store.swift in Sources */ = {isa = PBXBuildFile; fileRef = 66F051C82022C01800DC71EF /* Store.swift */; };
		66F051CB2022C4E200DC71EF /* EconergyTableViewController.swift in Sources */ = {isa = PBXBuildFile; fileRef = 66F051CA2022C4E200DC71EF /* EconergyTableViewController.swift */; };
/* End PBXBuildFile section */

/* Begin PBXFileReference section */
		662756352005B45D00B3E64A /* Econergy.app */ = {isa = PBXFileReference; explicitFileType = wrapper.application; includeInIndex = 0; path = Econergy.app; sourceTree = BUILT_PRODUCTS_DIR; };
		662756382005B45D00B3E64A /* AppDelegate.swift */ = {isa = PBXFileReference; lastKnownFileType = sourcecode.swift; path = AppDelegate.swift; sourceTree = "<group>"; };
		6627563A2005B45D00B3E64A /* ViewController.swift */ = {isa = PBXFileReference; lastKnownFileType = sourcecode.swift; path = ViewController.swift; sourceTree = "<group>"; };
		6627563D2005B45D00B3E64A /* Base */ = {isa = PBXFileReference; lastKnownFileType = file.storyboard; name = Base; path = Base.lproj/Main.storyboard; sourceTree = "<group>"; };
		6627563F2005B45D00B3E64A /* Assets.xcassets */ = {isa = PBXFileReference; lastKnownFileType = folder.assetcatalog; path = Assets.xcassets; sourceTree = "<group>"; };
		662756422005B45D00B3E64A /* Base */ = {isa = PBXFileReference; lastKnownFileType = file.storyboard; name = Base; path = Base.lproj/LaunchScreen.storyboard; sourceTree = "<group>"; };
		662756442005B45D00B3E64A /* Info.plist */ = {isa = PBXFileReference; lastKnownFileType = text.plist.xml; path = Info.plist; sourceTree = "<group>"; };
		66F051C82022C01800DC71EF /* Store.swift */ = {isa = PBXFileReference; lastKnownFileType = sourcecode.swift; path = Store.swift; sourceTree = "<group>"; };
		66F051CA2022C4E200DC71EF /* EconergyTableViewController.swift */ = {isa = PBXFileReference; fileEncoding = 4; lastKnownFileType = sourcecode.swift; path = EconergyTableViewController.swift; sourceTree = "<group>"; };
/* End PBXFileReference section */

/* Begin PBXFrameworksBuildPhase section */
		662756322005B45D00B3E64A /* Frameworks */ = {
			isa = PBXFrameworksBuildPhase;
			buildActionMask = 2147483647;
			files = (
			);
			runOnlyForDeploymentPostprocessing = 0;
		};
/* End PBXFrameworksBuildPhase section */

/* Begin PBXGroup section */
		6627562C2005B45D00B3E64A = {
			isa = PBXGroup;
			children = (
				662756372005B45D00B3E64A /* Econergy */,
				662756362005B45D00B3E64A /* Products */,
			);
			sourceTree = "<group>";
		};
		662756362005B45D00B3E64A /* Products */ = {
			isa = PBXGroup;
			children = (
				662756352005B45D00B3E64A /* Econergy.app */,
			);
			name = Products;
			sourceTree = "<group>";
		};
		662756372005B45D00B3E64A /* Econergy */ = {
			isa = PBXGroup;
			children = (
				662756382005B45D00B3E64A /* AppDelegate.swift */,
				6627563A2005B45D00B3E64A /* ViewController.swift */,
				6627563C2005B45D00B3E64A /* Main.storyboard */,
				6627563F2005B45D00B3E64A /* Assets.xcassets */,
				662756412005B45D00B3E64A /* LaunchScreen.storyboard */,
				662756442005B45D00B3E64A /* Info.plist */,
				66F051C82022C01800DC71EF /* Store.swift */,
				66F051CA2022C4E200DC71EF /* EconergyTableViewController.swift */,
			);
			path = Econergy;
			sourceTree = "<group>";
		};
/* End PBXGroup section */

/* Begin PBXNativeTarget section */
		662756342005B45D00B3E64A /* Econergy */ = {
			isa = PBXNativeTarget;
			buildConfigurationList = 662756472005B45D00B3E64A /* Build configuration list for PBXNativeTarget "Econergy" */;
			buildPhases = (
				662756312005B45D00B3E64A /* Sources */,
				662756322005B45D00B3E64A /* Frameworks */,
				662756332005B45D00B3E64A /* Resources */,
			);
			buildRules = (
			);
			dependencies = (
			);
			name = Econergy;
			productName = Econergy;
			productReference = 662756352005B45D00B3E64A /* Econergy.app */;
			productType = "com.apple.product-type.application";
		};
/* End PBXNativeTarget section */

/* Begin PBXProject section */
		6627562D2005B45D00B3E64A /* Project object */ = {
			isa = PBXProject;
			attributes = {
				LastSwiftUpdateCheck = 0830;
				LastUpgradeCheck = 0830;
				ORGANIZATIONNAME = CAUADC;
				TargetAttributes = {
					662756342005B45D00B3E64A = {
						CreatedOnToolsVersion = 8.3.3;
						DevelopmentTeam = S8ETC37SF5;
						ProvisioningStyle = Automatic;
					};
				};
			};
			buildConfigurationList = 662756302005B45D00B3E64A /* Build configuration list for PBXProject "Econergy" */;
			compatibilityVersion = "Xcode 3.2";
			developmentRegion = English;
			hasScannedForEncodings = 0;
			knownRegions = (
				en,
				Base,
			);
			mainGroup = 6627562C2005B45D00B3E64A;
			productRefGroup = 662756362005B45D00B3E64A /* Products */;
			projectDirPath = "";
			projectRoot = "";
			targets = (
				662756342005B45D00B3E64A /* Econergy */,
			);
		};
/* End PBXProject section */

/* Begin PBXResourcesBuildPhase section */
		662756332005B45D00B3E64A /* Resources */ = {
			isa = PBXResourcesBuildPhase;
			buildActionMask = 2147483647;
			files = (
				662756432005B45D00B3E64A /* LaunchScreen.storyboard in Resources */,
				662756402005B45D00B3E64A /* Assets.xcassets in Resources */,
				6627563E2005B45D00B3E64A /* Main.storyboard in Resources */,
			);
			runOnlyForDeploymentPostprocessing = 0;
		};
/* End PBXResourcesBuildPhase section */

/* Begin PBXSourcesBuildPhase section */
		662756312005B45D00B3E64A /* Sources */ = {
			isa = PBXSourcesBuildPhase;
			buildActionMask = 2147483647;
			files = (
				6627563B2005B45D00B3E64A /* ViewController.swift in Sources */,
				66F051CB2022C4E200DC71EF /* EconergyTableViewController.swift in Sources */,
				662756392005B45D00B3E64A /* AppDelegate.swift in Sources */,
				66F051C92022C01800DC71EF /* Store.swift in Sources */,
			);
			runOnlyForDeploymentPostprocessing = 0;
		};
/* End PBXSourcesBuildPhase section */

/* Begin PBXVariantGroup section */
		6627563C2005B45D00B3E64A /* Main.storyboard */ = {
			isa = PBXVariantGroup;
			children = (
				6627563D2005B45D00B3E64A /* Base */,
			);
			name = Main.storyboard;
			sourceTree = "<group>";
		};
		662756412005B45D00B3E64A /* LaunchScreen.storyboard */ = {
			isa = PBXVariantGroup;
			children = (
				662756422005B45D00B3E64A /* Base */,
			);
			name = LaunchScreen.storyboard;
			sourceTree = "<group>";
		};
/* End PBXVariantGroup section */

/* Begin XCBuildConfiguration section */
		662756452005B45D00B3E64A /* Debug */ = {
			isa = XCBuildConfiguration;
			buildSettings = {
				ALWAYS_SEARCH_USER_PATHS = NO;
				CLANG_ANALYZER_NONNULL = YES;
				CLANG_ANALYZER_NUMBER_OBJECT_CONVERSION = YES_AGGRESSIVE;
				CLANG_CXX_LANGUAGE_STANDARD = "gnu++0x";
				CLANG_CXX_LIBRARY = "libc++";
				CLANG_ENABLE_MODULES = YES;
				CLANG_ENABLE_OBJC_ARC = YES;
				CLANG_WARN_BOOL_CONVERSION = YES;
				CLANG_WARN_CONSTANT_CONVERSION = YES;
				CLANG_WARN_DIRECT_OBJC_ISA_USAGE = YES_ERROR;
				CLANG_WARN_DOCUMENTATION_COMMENTS = YES;
				CLANG_WARN_EMPTY_BODY = YES;
				CLANG_WARN_ENUM_CONVERSION = YES;
				CLANG_WARN_INFINITE_RECURSION = YES;
				CLANG_WARN_INT_CONVERSION = YES;
				CLANG_WARN_OBJC_ROOT_CLASS = YES_ERROR;
				CLANG_WARN_SUSPICIOUS_MOVE = YES;
				CLANG_WARN_UNREACHABLE_CODE = YES;
				CLANG_WARN__DUPLICATE_METHOD_MATCH = YES;
				"CODE_SIGN_IDENTITY[sdk=iphoneos*]" = "iPhone Developer";
				COPY_PHASE_STRIP = NO;
				DEBUG_INFORMATION_FORMAT = dwarf;
				ENABLE_STRICT_OBJC_MSGSEND = YES;
				ENABLE_TESTABILITY = YES;
				GCC_C_LANGUAGE_STANDARD = gnu99;
				GCC_DYNAMIC_NO_PIC = NO;
				GCC_NO_COMMON_BLOCKS = YES;
				GCC_OPTIMIZATION_LEVEL = 0;
				GCC_PREPROCESSOR_DEFINITIONS = (
					"DEBUG=1",
					"$(inherited)",
				);
				GCC_WARN_64_TO_32_BIT_CONVERSION = YES;
				GCC_WARN_ABOUT_RETURN_TYPE = YES_ERROR;
				GCC_WARN_UNDECLARED_SELECTOR = YES;
				GCC_WARN_UNINITIALIZED_AUTOS = YES_AGGRESSIVE;
				GCC_WARN_UNUSED_FUNCTION = YES;
				GCC_WARN_UNUSED_VARIABLE = YES;
				IPHONEOS_DEPLOYMENT_TARGET = 10.3;
				MTL_ENABLE_DEBUG_INFO = YES;
				ONLY_ACTIVE_ARCH = YES;
				SDKROOT = iphoneos;
				SWIFT_ACTIVE_COMPILATION_CONDITIONS = DEBUG;
				SWIFT_OPTIMIZATION_LEVEL = "-Onone";
			};
			name = Debug;
		};
		662756462005B45D00B3E64A /* Release */ = {
			isa = XCBuildConfiguration;
			buildSettings = {
				ALWAYS_SEARCH_USER_PATHS = NO;
				CLANG_ANALYZER_NONNULL = YES;
				CLANG_ANALYZER_NUMBER_OBJECT_CONVERSION = YES_AGGRESSIVE;
				CLANG_CXX_LANGUAGE_STANDARD = "gnu++0x";
				CLANG_CXX_LIBRARY = "libc++";
				CLANG_ENABLE_MODULES = YES;
				CLANG_ENABLE_OBJC_ARC = YES;
				CLANG_WARN_BOOL_CONVERSION = YES;
				CLANG_WARN_CONSTANT_CONVERSION = YES;
				CLANG_WARN_DIRECT_OBJC_ISA_USAGE = YES_ERROR;
				CLANG_WARN_DOCUMENTATION_COMMENTS = YES;
				CLANG_WARN_EMPTY_BODY = YES;
				CLANG_WARN_ENUM_CONVERSION = YES;
				CLANG_WARN_INFINITE_RECURSION = YES;
				CLANG_WARN_INT_CONVERSION = YES;
				CLANG_WARN_OBJC_ROOT_CLASS = YES_ERROR;
				CLANG_WARN_SUSPICIOUS_MOVE = YES;
				CLANG_WARN_UNREACHABLE_CODE = YES;
				CLANG_WARN__DUPLICATE_METHOD_MATCH = YES;
				"CODE_SIGN_IDENTITY[sdk=iphoneos*]" = "iPhone Developer";
				COPY_PHASE_STRIP = NO;
				DEBUG_INFORMATION_FORMAT = "dwarf-with-dsym";
				ENABLE_NS_ASSERTIONS = NO;
				ENABLE_STRICT_OBJC_MSGSEND = YES;
				GCC_C_LANGUAGE_STANDARD = gnu99;
				GCC_NO_COMMON_BLOCKS = YES;
				GCC_WARN_64_TO_32_BIT_CONVERSION = YES;
				GCC_WARN_ABOUT_RETURN_TYPE = YES_ERROR;
				GCC_WARN_UNDECLARED_SELECTOR = YES;
				GCC_WARN_UNINITIALIZED_AUTOS = YES_AGGRESSIVE;
				GCC_WARN_UNUSED_FUNCTION = YES;
				GCC_WARN_UNUSED_VARIABLE = YES;
				IPHONEOS_DEPLOYMENT_TARGET = 10.3;
				MTL_ENABLE_DEBUG_INFO = NO;
				SDKROOT = iphoneos;
				SWIFT_OPTIMIZATION_LEVEL = "-Owholemodule";
				VALIDATE_PRODUCT = YES;
			};
			name = Release;
		};
		662756482005B45D00B3E64A /* Debug */ = {
			isa = XCBuildConfiguration;
			buildSettings = {
				ASSETCATALOG_COMPILER_APPICON_NAME = AppIcon;
				DEVELOPMENT_TEAM = S8ETC37SF5;
				INFOPLIST_FILE = Econergy/Info.plist;
				LD_RUNPATH_SEARCH_PATHS = "$(inherited) @executable_path/Frameworks";
				PRODUCT_BUNDLE_IDENTIFIER = com.cauadc121;
				PRODUCT_NAME = "$(TARGET_NAME)";
				SWIFT_VERSION = 3.0;
				TARGETED_DEVICE_FAMILY = 1;
			};
			name = Debug;
		};
		662756492005B45D00B3E64A /* Release */ = {
			isa = XCBuildConfiguration;
			buildSettings = {
				ASSETCATALOG_COMPILER_APPICON_NAME = AppIcon;
				DEVELOPMENT_TEAM = S8ETC37SF5;
				INFOPLIST_FILE = Econergy/Info.plist;
				LD_RUNPATH_SEARCH_PATHS = "$(inherited) @executable_path/Frameworks";
				PRODUCT_BUNDLE_IDENTIFIER = com.cauadc121;
				PRODUCT_NAME = "$(TARGET_NAME)";
				SWIFT_VERSION = 3.0;
				TARGETED_DEVICE_FAMILY = 1;
			};
			name = Release;
		};
/* End XCBuildConfiguration section */

/* Begin XCConfigurationList section */
		662756302005B45D00B3E64A /* Build configuration list for PBXProject "Econergy" */ = {
			isa = XCConfigurationList;
			buildConfigurations = (
				662756452005B45D00B3E64A /* Debug */,
				662756462005B45D00B3E64A /* Release */,
			);
			defaultConfigurationIsVisible = 0;
			defaultConfigurationName = Release;
		};
		662756472005B45D00B3E64A /* Build configuration list for PBXNativeTarget "Econergy" */ = {
			isa = XCConfigurationList;
			buildConfigurations = (
				662756482005B45D00B3E64A /* Debug */,
				662756492005B45D00B3E64A /* Release */,
			);
			defaultConfigurationIsVisible = 0;
			defaultConfigurationName = Release;
		};
/* End XCConfigurationList section */
	};
	rootObject = 6627562D2005B45D00B3E64A /* Project object */;
}
